
Microsoft Visual Studio Solution File, Format Version 12.00
# Visual Studio Version 16
VisualStudioVersion = 16.0.32413.511
MinimumVisualStudioVersion = 10.0.40219.1
Project("{8BC9CEB8-8B4A-11D0-8D11-00A0C91BC942}") = "KCompiler", "KCompiler\KCompiler.vcxproj", "{814C4004-AB9E-48B3-B867-118518992B4B}"
EndProject
Global
	GlobalSection(SolutionConfigurationPlatforms) = preSolution
		Debug|x64 = Debug|x64
		Debug|x86 = Debug|x86
		Release|x64 = Release|x64
		Release|x86 = Release|x86
	EndGlobalSection
	GlobalSection(ProjectConfigurationPlatforms) = postSolution
		{814C4004-AB9E-48B3-B867-118518992B4B}.Debug|x64.ActiveCfg = Debug|x64
		{814C4004-AB9E-48B3-B867-118518992B4B}.Debug|x64.Build.0 = Debug|x64
		{814C4004-AB9E-48B3-B867-118518992B4B}.Debug|x86.ActiveCfg = Debug|Win32
		{814C4004-AB9E-48B3-B867-118518992B4B}.Debug|x86.Build.0 = Debug|Win32
		{814C4004-AB9E-48B3-B867-118518992B4B}.Release|x64.ActiveCfg = Release|x64
		{814C4004-AB9E-48B3-B867-118518992B4B}.Release|x64.Build.0 = Release|x64
		{814C4004-AB9E-48B3-B867-118518992B4B}.Release|x86.ActiveCfg = Release|Win32
		{814C4004-AB9E-48B3-B867-118518992B4B}.Release|x86.Build.0 = Release|Win32
	EndGlobalSection
	GlobalSection(SolutionProperties) = preSolution
		HideSolutionNode = FALSE
	EndGlobalSection
	GlobalSection(ExtensibilityGlobals) = postSolution
		SolutionGuid = {B84F6519-D548-4108-9653-2B611E95D35C}
	EndGlobalSection
EndGlobal
